
Microsoft Visual Studio Solution File, Format Version 12.00
# Visual Studio Version 16
VisualStudioVersion = 16.0.30523.141
MinimumVisualStudioVersion = 10.0.40219.1
Project("{FAE04EC0-301F-11D3-BF4B-00C04F79EFBC}") = "ProjectTrackingApplication", "ProjectTrackingApplication\ProjectTrackingApplication.csproj", "{ED063233-26C0-4D38-9AE3-887F03DE8B23}"
EndProject
Global
	GlobalSection(SolutionConfigurationPlatforms) = preSolution
		Debug|Any CPU = Debug|Any CPU
		Release|Any CPU = Release|Any CPU
	EndGlobalSection
	GlobalSection(ProjectConfigurationPlatforms) = postSolution
		{ED063233-26C0-4D38-9AE3-887F03DE8B23}.Debug|Any CPU.ActiveCfg = Debug|Any CPU
		{ED063233-26C0-4D38-9AE3-887F03DE8B23}.Debug|Any CPU.Build.0 = Debug|Any CPU
		{ED063233-26C0-4D38-9AE3-887F03DE8B23}.Release|Any CPU.ActiveCfg = Release|Any CPU
		{ED063233-26C0-4D38-9AE3-887F03DE8B23}.Release|Any CPU.Build.0 = Release|Any CPU
	EndGlobalSection
	GlobalSection(SolutionProperties) = preSolution
		HideSolutionNode = FALSE
	EndGlobalSection
	GlobalSection(ExtensibilityGlobals) = postSolution
		SolutionGuid = {9F9C4B92-CEE9-49A1-8460-D169AAD5776A}
	EndGlobalSection
EndGlobal
